
Microsoft Visual Studio Solution File, Format Version 12.00
# Visual Studio Version 17
VisualStudioVersion = 17.8.34511.84
MinimumVisualStudioVersion = 10.0.40219.1
Project("{8BC9CEB8-8B4A-11D0-8D11-00A0C91BC942}") = "5.2 Matriz de Toepliz", "5.2 Matriz de Toepliz\5.2 Matriz de Toepliz.vcxproj", "{B6BD7912-BCC7-441E-B824-D73DF62DCA52}"
EndProject
Global
	GlobalSection(SolutionConfigurationPlatforms) = preSolution
		Debug|x64 = Debug|x64
		Debug|x86 = Debug|x86
		Release|x64 = Release|x64
		Release|x86 = Release|x86
	EndGlobalSection
	GlobalSection(ProjectConfigurationPlatforms) = postSolution
		{B6BD7912-BCC7-441E-B824-D73DF62DCA52}.Debug|x64.ActiveCfg = Debug|x64
		{B6BD7912-BCC7-441E-B824-D73DF62DCA52}.Debug|x64.Build.0 = Debug|x64
		{B6BD7912-BCC7-441E-B824-D73DF62DCA52}.Debug|x86.ActiveCfg = Debug|Win32
		{B6BD7912-BCC7-441E-B824-D73DF62DCA52}.Debug|x86.Build.0 = Debug|Win32
		{B6BD7912-BCC7-441E-B824-D73DF62DCA52}.Release|x64.ActiveCfg = Release|x64
		{B6BD7912-BCC7-441E-B824-D73DF62DCA52}.Release|x64.Build.0 = Release|x64
		{B6BD7912-BCC7-441E-B824-D73DF62DCA52}.Release|x86.ActiveCfg = Release|Win32
		{B6BD7912-BCC7-441E-B824-D73DF62DCA52}.Release|x86.Build.0 = Release|Win32
	EndGlobalSection
	GlobalSection(SolutionProperties) = preSolution
		HideSolutionNode = FALSE
	EndGlobalSection
	GlobalSection(ExtensibilityGlobals) = postSolution
		SolutionGuid = {C17DA5BD-E2E2-4AA8-85F9-66A21A57DD3A}
	EndGlobalSection
EndGlobal
